
Microsoft Visual Studio Solution File, Format Version 12.00
# Visual Studio Version 17
VisualStudioVersion = 17.5.002.0
MinimumVisualStudioVersion = 10.0.40219.1
Project("{9A19103F-16F7-4668-BE54-9A1E7A4F7556}") = "AES-encrypt", "AES-encrypt.csproj", "{9DB8BBDD-BF86-4C5B-9EF9-0FBE3794AAE6}"
EndProject
Global
	GlobalSection(SolutionConfigurationPlatforms) = preSolution
		Debug|Any CPU = Debug|Any CPU
		Release|Any CPU = Release|Any CPU
	EndGlobalSection
	GlobalSection(ProjectConfigurationPlatforms) = postSolution
		{9DB8BBDD-BF86-4C5B-9EF9-0FBE3794AAE6}.Debug|Any CPU.ActiveCfg = Debug|Any CPU
		{9DB8BBDD-BF86-4C5B-9EF9-0FBE3794AAE6}.Debug|Any CPU.Build.0 = Debug|Any CPU
		{9DB8BBDD-BF86-4C5B-9EF9-0FBE3794AAE6}.Release|Any CPU.ActiveCfg = Release|Any CPU
		{9DB8BBDD-BF86-4C5B-9EF9-0FBE3794AAE6}.Release|Any CPU.Build.0 = Release|Any CPU
	EndGlobalSection
	GlobalSection(SolutionProperties) = preSolution
		HideSolutionNode = FALSE
	EndGlobalSection
	GlobalSection(ExtensibilityGlobals) = postSolution
		SolutionGuid = {E2F52D50-E064-4E3B-B6FF-57F5A16EF6CD}
	EndGlobalSection
EndGlobal
